<?xml version="1.0" encoding="utf-8"?>
<Project ToolsVersion="4.0" xmlns="http://schemas.microsoft.com/developer/msbuild/2003">
  <ItemGroup>
    <Filter Include="ImGuiWindows">
      <UniqueIdentifier>{AB5C477F-97BF-D623-4045-0FDA2C87A2A6}</UniqueIdentifier>
    </Filter>
  </ItemGroup>
  <ItemGroup>
    <ClInclude Include="src\EditorLayer.h" />
    <ClInclude Include="src\ImGuiWindows\ContentBrowserWindow.h">
      <Filter>ImGuiWindows</Filter>
    </ClInclude>
    <ClInclude Include="src\ImGuiWindows\SceneHierarchyWindow.h">
      <Filter>ImGuiWindows</Filter>
    </ClInclude>
  </ItemGroup>
  <ItemGroup>
    <ClCompile Include="src\AmethystEditor.cpp" />
    <ClCompile Include="src\EditorLayer.cpp" />
    <ClCompile Include="src\ImGuiWindows\ContentBrowserWindow.cpp">
      <Filter>ImGuiWindows</Filter>
    </ClCompile>
    <ClCompile Include="src\ImGuiWindows\SceneHierarchyWindow.cpp">
      <Filter>ImGuiWindows</Filter>
    </ClCompile>
  </ItemGroup>
</Project>